// !$*UTF8*$!
{
	archiveVersion = 1;
	classes = {
	};
	objectVersion = 77;
	objects = {

/* Begin PBXBuildFile section */
		83B9C8262CFA9450002CB0B7 /* KeychainAccess in Frameworks */ = {isa = PBXBuildFile; productRef = 83B9C8252CFA9450002CB0B7 /* KeychainAccess */; };
		C1E200000000000000000001 /* ClerkKit in Frameworks */ = {isa = PBXBuildFile; productRef = C1E200000000000000000003 /* ClerkKit */; };
		C0DE00000000000100000001 /* ConvexMobile in Frameworks */ = {isa = PBXBuildFile; productRef = C0DE00000000000300000003 /* ConvexMobile */; };
/* End PBXBuildFile section */

/* Begin PBXContainerItemProxy section */
		8387A7B82CED31D200642B24 /* PBXContainerItemProxy */ = {
			isa = PBXContainerItemProxy;
			containerPortal = 8387A79C2CED31D000642B24 /* Project object */;
			proxyType = 1;
			remoteGlobalIDString = 8387A7A32CED31D000642B24;
			remoteInfo = Pathway;
		};
		8387A7C22CED31D200642B24 /* PBXContainerItemProxy */ = {
			isa = PBXContainerItemProxy;
			containerPortal = 8387A79C2CED31D000642B24 /* Project object */;
			proxyType = 1;
			remoteGlobalIDString = 8387A7A32CED31D000642B24;
			remoteInfo = Pathway;
		};
/* End PBXContainerItemProxy section */

/* Begin PBXFileReference section */
		8387A7A42CED31D000642B24 /* Pathway.app */ = {isa = PBXFileReference; explicitFileType = wrapper.application; includeInIndex = 0; path = Pathway.app; sourceTree = BUILT_PRODUCTS_DIR; };
		8387A7B72CED31D200642B24 /* PathwayTests.xctest */ = {isa = PBXFileReference; explicitFileType = wrapper.cfbundle; includeInIndex = 0; path = PathwayTests.xctest; sourceTree = BUILT_PRODUCTS_DIR; };
		8387A7C12CED31D200642B24 /* PathwayUITests.xctest */ = {isa = PBXFileReference; explicitFileType = wrapper.cfbundle; includeInIndex = 0; path = PathwayUITests.xctest; sourceTree = BUILT_PRODUCTS_DIR; };
		C1E200000000000000000004 /* Pathway.xcconfig */ = {isa = PBXFileReference; lastKnownFileType = text.xcconfig; path = Config/Pathway.xcconfig; sourceTree = "<group>"; };
/* End PBXFileReference section */

/* Begin PBXFileSystemSynchronizedBuildFileExceptionSet section */
		C0DE00000000000400000004 /* Exceptions for "Pathway" folder in "Pathway" target */ = {
			isa = PBXFileSystemSynchronizedBuildFileExceptionSet;
			membershipExceptions = (
				Info.plist,
			);
			target = 8387A7A32CED31D000642B24 /* Pathway */;
		};
/* End PBXFileSystemSynchronizedBuildFileExceptionSet section */

/* Begin PBXFileSystemSynchronizedRootGroup section */
		8387A7A62CED31D000642B24 /* Pathway */ = {
			isa = PBXFileSystemSynchronizedRootGroup;
			exceptions = (
				C0DE00000000000400000004 /* Exceptions for "Pathway" folder in "Pathway" target */,
			);
			path = Pathway;
			sourceTree = "<group>";
		};
		8387A7BA2CED31D200642B24 /* PathwayTests */ = {
			isa = PBXFileSystemSynchronizedRootGroup;
			path = PathwayTests;
			sourceTree = "<group>";
		};
		8387A7C42CED31D200642B24 /* PathwayUITests */ = {
			isa = PBXFileSystemSynchronizedRootGroup;
			path = PathwayUITests;
			sourceTree = "<group>";
		};
/* End PBXFileSystemSynchronizedRootGroup section */

/* Begin PBXFrameworksBuildPhase section */
		8387A7A12CED31D000642B24 /* Frameworks */ = {
			isa = PBXFrameworksBuildPhase;
			buildActionMask = 2147483647;
			files = (
				C1E200000000000000000001 /* ClerkKit in Frameworks */,
				C0DE00000000000100000001 /* ConvexMobile in Frameworks */,
				83B9C8262CFA9450002CB0B7 /* KeychainAccess in Frameworks */,
			);
			runOnlyForDeploymentPostprocessing = 0;
		};
		8387A7B42CED31D200642B24 /* Frameworks */ = {
			isa = PBXFrameworksBuildPhase;
			buildActionMask = 2147483647;
			files = (
			);
			runOnlyForDeploymentPostprocessing = 0;
		};
		8387A7BE2CED31D200642B24 /* Frameworks */ = {
			isa = PBXFrameworksBuildPhase;
			buildActionMask = 2147483647;
			files = (
			);
			runOnlyForDeploymentPostprocessing = 0;
		};
/* End PBXFrameworksBuildPhase section */

/* Begin PBXGroup section */
		8387A79B2CED31D000642B24 = {
			isa = PBXGroup;
			children = (
				C1E200000000000000000004 /* Pathway.xcconfig */,
				8387A7A62CED31D000642B24 /* Pathway */,
				8387A7BA2CED31D200642B24 /* PathwayTests */,
				8387A7C42CED31D200642B24 /* PathwayUITests */,
				8387A7A52CED31D000642B24 /* Products */,
			);
			sourceTree = "<group>";
		};
		8387A7A52CED31D000642B24 /* Products */ = {
			isa = PBXGroup;
			children = (
				8387A7A42CED31D000642B24 /* Pathway.app */,
				8387A7B72CED31D200642B24 /* PathwayTests.xctest */,
				8387A7C12CED31D200642B24 /* PathwayUITests.xctest */,
			);
			name = Products;
			sourceTree = "<group>";
		};
/* End PBXGroup section */

/* Begin PBXNativeTarget section */
		8387A7A32CED31D000642B24 /* Pathway */ = {
			isa = PBXNativeTarget;
			buildConfigurationList = 8387A7CB2CED31D200642B24 /* Build configuration list for PBXNativeTarget "Pathway" */;
			buildPhases = (
				8387A7A02CED31D000642B24 /* Sources */,
				8387A7A12CED31D000642B24 /* Frameworks */,
				8387A7A22CED31D000642B24 /* Resources */,
			);
			buildRules = (
			);
			dependencies = (
			);
			fileSystemSynchronizedGroups = (
				8387A7A62CED31D000642B24 /* Pathway */,
			);
			name = Pathway;
			packageProductDependencies = (
				C1E200000000000000000003 /* ClerkKit */,
				C0DE00000000000300000003 /* ConvexMobile */,
				83B9C8252CFA9450002CB0B7 /* KeychainAccess */,
			);
			productName = Pathway;
			productReference = 8387A7A42CED31D000642B24 /* Pathway.app */;
			productType = "com.apple.product-type.application";
		};
		8387A7B62CED31D200642B24 /* PathwayTests */ = {
			isa = PBXNativeTarget;
			buildConfigurationList = 8387A7CE2CED31D200642B24 /* Build configuration list for PBXNativeTarget "PathwayTests" */;
			buildPhases = (
				8387A7B32CED31D200642B24 /* Sources */,
				8387A7B42CED31D200642B24 /* Frameworks */,
				8387A7B52CED31D200642B24 /* Resources */,
			);
			buildRules = (
			);
			dependencies = (
				8387A7B92CED31D200642B24 /* PBXTargetDependency */,
			);
			fileSystemSynchronizedGroups = (
				8387A7BA2CED31D200642B24 /* PathwayTests */,
			);
			name = PathwayTests;
			packageProductDependencies = (
			);
			productName = PathwayTests;
			productReference = 8387A7B72CED31D200642B24 /* PathwayTests.xctest */;
			productType = "com.apple.product-type.bundle.unit-test";
		};
		8387A7C02CED31D200642B24 /* PathwayUITests */ = {
			isa = PBXNativeTarget;
			buildConfigurationList = 8387A7D12CED31D200642B24 /* Build configuration list for PBXNativeTarget "PathwayUITests" */;
			buildPhases = (
				8387A7BD2CED31D200642B24 /* Sources */,
				8387A7BE2CED31D200642B24 /* Frameworks */,
				8387A7BF2CED31D200642B24 /* Resources */,
			);
			buildRules = (
			);
			dependencies = (
				8387A7C32CED31D200642B24 /* PBXTargetDependency */,
			);
			fileSystemSynchronizedGroups = (
				8387A7C42CED31D200642B24 /* PathwayUITests */,
			);
			name = PathwayUITests;
			packageProductDependencies = (
			);
			productName = PathwayUITests;
			productReference = 8387A7C12CED31D200642B24 /* PathwayUITests.xctest */;
			productType = "com.apple.product-type.bundle.ui-testing";
		};
/* End PBXNativeTarget section */

/* Begin PBXProject section */
		8387A79C2CED31D000642B24 /* Project object */ = {
			isa = PBXProject;
			attributes = {
				BuildIndependentTargetsInParallel = 1;
				LastSwiftUpdateCheck = 2700;
				LastUpgradeCheck = 2700;
				TargetAttributes = {
					8387A7A32CED31D000642B24 = {
						CreatedOnToolsVersion = 16.1;
					};
					8387A7B62CED31D200642B24 = {
						CreatedOnToolsVersion = 16.1;
						TestTargetID = 8387A7A32CED31D000642B24;
					};
					8387A7C02CED31D200642B24 = {
						CreatedOnToolsVersion = 16.1;
						TestTargetID = 8387A7A32CED31D000642B24;
					};
				};
			};
			buildConfigurationList = 8387A79F2CED31D000642B24 /* Build configuration list for PBXProject "Pathway" */;
			developmentRegion = en;
			hasScannedForEncodings = 0;
			knownRegions = (
				en,
				Base,
			);
			mainGroup = 8387A79B2CED31D000642B24;
			minimizedProjectReferenceProxies = 1;
			packageReferences = (
				C1E200000000000000000002 /* XCRemoteSwiftPackageReference "clerk-ios" */,
				C0DE00000000000200000002 /* XCRemoteSwiftPackageReference "convex-swift" */,
				83B9C8242CFA9450002CB0B7 /* XCRemoteSwiftPackageReference "KeychainAccess" */,
			);
			preferredProjectObjectVersion = 77;
			productRefGroup = 8387A7A52CED31D000642B24 /* Products */;
			projectDirPath = "";
			projectRoot = "";
			targets = (
				8387A7A32CED31D000642B24 /* Pathway */,
				8387A7B62CED31D200642B24 /* PathwayTests */,
				8387A7C02CED31D200642B24 /* PathwayUITests */,
			);
		};
/* End PBXProject section */

/* Begin PBXResourcesBuildPhase section */
		8387A7A22CED31D000642B24 /* Resources */ = {
			isa = PBXResourcesBuildPhase;
			buildActionMask = 2147483647;
			files = (
			);
			runOnlyForDeploymentPostprocessing = 0;
		};
		8387A7B52CED31D200642B24 /* Resources */ = {
			isa = PBXResourcesBuildPhase;
			buildActionMask = 2147483647;
			files = (
			);
			runOnlyForDeploymentPostprocessing = 0;
		};
		8387A7BF2CED31D200642B24 /* Resources */ = {
			isa = PBXResourcesBuildPhase;
			buildActionMask = 2147483647;
			files = (
			);
			runOnlyForDeploymentPostprocessing = 0;
		};
/* End PBXResourcesBuildPhase section */

/* Begin PBXSourcesBuildPhase section */
		8387A7A02CED31D000642B24 /* Sources */ = {
			isa = PBXSourcesBuildPhase;
			buildActionMask = 2147483647;
			files = (
			);
			runOnlyForDeploymentPostprocessing = 0;
		};
		8387A7B32CED31D200642B24 /* Sources */ = {
			isa = PBXSourcesBuildPhase;
			buildActionMask = 2147483647;
			files = (
			);
			runOnlyForDeploymentPostprocessing = 0;
		};
		8387A7BD2CED31D200642B24 /* Sources */ = {
			isa = PBXSourcesBuildPhase;
			buildActionMask = 2147483647;
			files = (
			);
			runOnlyForDeploymentPostprocessing = 0;
		};
/* End PBXSourcesBuildPhase section */

/* Begin PBXTargetDependency section */
		8387A7B92CED31D200642B24 /* PBXTargetDependency */ = {
			isa = PBXTargetDependency;
			target = 8387A7A32CED31D000642B24 /* Pathway */;
			targetProxy = 8387A7B82CED31D200642B24 /* PBXContainerItemProxy */;
		};
		8387A7C32CED31D200642B24 /* PBXTargetDependency */ = {
			isa = PBXTargetDependency;
			target = 8387A7A32CED31D000642B24 /* Pathway */;
			targetProxy = 8387A7C22CED31D200642B24 /* PBXContainerItemProxy */;
		};
/* End PBXTargetDependency section */

/* Begin XCBuildConfiguration section */
		8387A7C92CED31D200642B24 /* Debug */ = {
			isa = XCBuildConfiguration;
			buildSettings = {
				ALWAYS_SEARCH_USER_PATHS = NO;
				ASSETCATALOG_COMPILER_GENERATE_SWIFT_ASSET_SYMBOL_EXTENSIONS = YES;
				CLANG_ANALYZER_NONNULL = YES;
				CLANG_ANALYZER_NUMBER_OBJECT_CONVERSION = YES_AGGRESSIVE;
				CLANG_CXX_LANGUAGE_STANDARD = "gnu++20";
				CLANG_ENABLE_MODULES = YES;
				CLANG_ENABLE_OBJC_ARC = YES;
				CLANG_ENABLE_OBJC_WEAK = YES;
				CLANG_WARN_BLOCK_CAPTURE_AUTORELEASING = YES;
				CLANG_WARN_BOOL_CONVERSION = YES;
				CLANG_WARN_COMMA = YES;
				CLANG_WARN_CONSTANT_CONVERSION = YES;
				CLANG_WARN_DEPRECATED_OBJC_IMPLEMENTATIONS = YES;
				CLANG_WARN_DIRECT_OBJC_ISA_USAGE = YES_ERROR;
				CLANG_WARN_DOCUMENTATION_COMMENTS = YES;
				CLANG_WARN_EMPTY_BODY = YES;
				CLANG_WARN_ENUM_CONVERSION = YES;
				CLANG_WARN_INFINITE_RECURSION = YES;
				CLANG_WARN_INT_CONVERSION = YES;
				CLANG_WARN_NON_LITERAL_NULL_CONVERSION = YES;
				CLANG_WARN_OBJC_IMPLICIT_RETAIN_SELF = YES;
				CLANG_WARN_OBJC_LITERAL_CONVERSION = YES;
				CLANG_WARN_OBJC_ROOT_CLASS = YES_ERROR;
				CLANG_WARN_QUOTED_INCLUDE_IN_FRAMEWORK_HEADER = YES;
				CLANG_WARN_RANGE_LOOP_ANALYSIS = YES;
				CLANG_WARN_STRICT_PROTOTYPES = YES;
				CLANG_WARN_SUSPICIOUS_MOVE = YES;
				CLANG_WARN_UNGUARDED_AVAILABILITY = YES_AGGRESSIVE;
				CLANG_WARN_UNREACHABLE_CODE = YES;
				CLANG_WARN__DUPLICATE_METHOD_MATCH = YES;
				COPY_PHASE_STRIP = NO;
				DEBUG_INFORMATION_FORMAT = dwarf;
				ENABLE_STRICT_OBJC_MSGSEND = YES;
				ENABLE_TESTABILITY = YES;
				ENABLE_USER_SCRIPT_SANDBOXING = YES;
				GCC_C_LANGUAGE_STANDARD = gnu17;
				GCC_DYNAMIC_NO_PIC = NO;
				GCC_NO_COMMON_BLOCKS = YES;
				GCC_OPTIMIZATION_LEVEL = 0;
				GCC_PREPROCESSOR_DEFINITIONS = (
					"DEBUG=1",
					"$(inherited)",
				);
				GCC_WARN_64_TO_32_BIT_CONVERSION = YES;
				GCC_WARN_ABOUT_RETURN_TYPE = YES_ERROR;
				GCC_WARN_UNDECLARED_SELECTOR = YES;
				GCC_WARN_UNINITIALIZED_AUTOS = YES_AGGRESSIVE;
				GCC_WARN_UNUSED_FUNCTION = YES;
				GCC_WARN_UNUSED_VARIABLE = YES;
				LOCALIZATION_PREFERS_STRING_CATALOGS = YES;
				MTL_ENABLE_DEBUG_INFO = INCLUDE_SOURCE;
				MTL_FAST_MATH = YES;
				ONLY_ACTIVE_ARCH = YES;
				SWIFT_ACTIVE_COMPILATION_CONDITIONS = "DEBUG $(inherited)";
				SWIFT_OPTIMIZATION_LEVEL = "-Onone";
			};
			name = Debug;
		};
		8387A7CA2CED31D200642B24 /* Release */ = {
			isa = XCBuildConfiguration;
			buildSettings = {
				ALWAYS_SEARCH_USER_PATHS = NO;
				ASSETCATALOG_COMPILER_GENERATE_SWIFT_ASSET_SYMBOL_EXTENSIONS = YES;
				CLANG_ANALYZER_NONNULL = YES;
				CLANG_ANALYZER_NUMBER_OBJECT_CONVERSION = YES_AGGRESSIVE;
				CLANG_CXX_LANGUAGE_STANDARD = "gnu++20";
				CLANG_ENABLE_MODULES = YES;
				CLANG_ENABLE_OBJC_ARC = YES;
				CLANG_ENABLE_OBJC_WEAK = YES;
				CLANG_WARN_BLOCK_CAPTURE_AUTORELEASING = YES;
				CLANG_WARN_BOOL_CONVERSION = YES;
				CLANG_WARN_COMMA = YES;
				CLANG_WARN_CONSTANT_CONVERSION = YES;
				CLANG_WARN_DEPRECATED_OBJC_IMPLEMENTATIONS = YES;
				CLANG_WARN_DIRECT_OBJC_ISA_USAGE = YES_ERROR;
				CLANG_WARN_DOCUMENTATION_COMMENTS = YES;
				CLANG_WARN_EMPTY_BODY = YES;
				CLANG_WARN_ENUM_CONVERSION = YES;
				CLANG_WARN_INFINITE_RECURSION = YES;
				CLANG_WARN_INT_CONVERSION = YES;
				CLANG_WARN_NON_LITERAL_NULL_CONVERSION = YES;
				CLANG_WARN_OBJC_IMPLICIT_RETAIN_SELF = YES;
				CLANG_WARN_OBJC_LITERAL_CONVERSION = YES;
				CLANG_WARN_OBJC_ROOT_CLASS = YES_ERROR;
				CLANG_WARN_QUOTED_INCLUDE_IN_FRAMEWORK_HEADER = YES;
				CLANG_WARN_RANGE_LOOP_ANALYSIS = YES;
				CLANG_WARN_STRICT_PROTOTYPES = YES;
				CLANG_WARN_SUSPICIOUS_MOVE = YES;
				CLANG_WARN_UNGUARDED_AVAILABILITY = YES_AGGRESSIVE;
				CLANG_WARN_UNREACHABLE_CODE = YES;
				CLANG_WARN__DUPLICATE_METHOD_MATCH = YES;
				COPY_PHASE_STRIP = NO;
				DEBUG_INFORMATION_FORMAT = "dwarf-with-dsym";
				ENABLE_NS_ASSERTIONS = NO;
				ENABLE_STRICT_OBJC_MSGSEND = YES;
				ENABLE_USER_SCRIPT_SANDBOXING = YES;
				GCC_C_LANGUAGE_STANDARD = gnu17;
				GCC_NO_COMMON_BLOCKS = YES;
				GCC_WARN_64_TO_32_BIT_CONVERSION = YES;
				GCC_WARN_ABOUT_RETURN_TYPE = YES_ERROR;
				GCC_WARN_UNDECLARED_SELECTOR = YES;
				GCC_WARN_UNINITIALIZED_AUTOS = YES_AGGRESSIVE;
				GCC_WARN_UNUSED_FUNCTION = YES;
				GCC_WARN_UNUSED_VARIABLE = YES;
				LOCALIZATION_PREFERS_STRING_CATALOGS = YES;
				MTL_ENABLE_DEBUG_INFO = NO;
				MTL_FAST_MATH = YES;
				SWIFT_COMPILATION_MODE = wholemodule;
			};
			name = Release;
		};
		8387A7CC2CED31D200642B24 /* Debug */ = {
			isa = XCBuildConfiguration;
			baseConfigurationReference = C1E200000000000000000004 /* Pathway.xcconfig */;
			buildSettings = {
				APNS_ENVIRONMENT = development;
				ASSETCATALOG_COMPILER_APPICON_NAME = AppIcon;
				ASSETCATALOG_COMPILER_GLOBAL_ACCENT_COLOR_NAME = AccentColor;
				CODE_SIGN_ENTITLEMENTS = Pathway/Pathway.entitlements;
				CODE_SIGN_STYLE = Automatic;
				CURRENT_PROJECT_VERSION = 3;
				DEVELOPMENT_ASSET_PATHS = "\"Pathway/Preview Content\"";
				DEVELOPMENT_TEAM = ARK85ZXQ4Z;
				ENABLE_APP_SANDBOX = YES;
				ENABLE_HARDENED_RUNTIME = YES;
				ENABLE_OUTGOING_NETWORK_CONNECTIONS = YES;
				ENABLE_PREVIEWS = YES;
				GENERATE_INFOPLIST_FILE = YES;
				INFOPLIST_FILE = Pathway/Info.plist;
				INFOPLIST_KEY_CFBundleDisplayName = Pathway;
				INFOPLIST_KEY_LSApplicationCategoryType = "public.app-category.productivity";
				"INFOPLIST_KEY_UIApplicationSceneManifest_Generation[sdk=iphoneos*]" = YES;
				"INFOPLIST_KEY_UIApplicationSceneManifest_Generation[sdk=iphonesimulator*]" = YES;
				"INFOPLIST_KEY_UIApplicationSupportsIndirectInputEvents[sdk=iphoneos*]" = YES;
				"INFOPLIST_KEY_UIApplicationSupportsIndirectInputEvents[sdk=iphonesimulator*]" = YES;
				"INFOPLIST_KEY_UILaunchScreen_Generation[sdk=iphoneos*]" = YES;
				"INFOPLIST_KEY_UILaunchScreen_Generation[sdk=iphonesimulator*]" = YES;
				"INFOPLIST_KEY_UIStatusBarStyle[sdk=iphoneos*]" = UIStatusBarStyleDefault;
				"INFOPLIST_KEY_UIStatusBarStyle[sdk=iphonesimulator*]" = UIStatusBarStyleDefault;
				INFOPLIST_KEY_UISupportedInterfaceOrientations_iPad = "UIInterfaceOrientationPortrait UIInterfaceOrientationPortraitUpsideDown UIInterfaceOrientationLandscapeLeft UIInterfaceOrientationLandscapeRight";
				INFOPLIST_KEY_UISupportedInterfaceOrientations_iPhone = "UIInterfaceOrientationPortrait UIInterfaceOrientationLandscapeLeft UIInterfaceOrientationLandscapeRight";
				IPHONEOS_DEPLOYMENT_TARGET = 26.0;
				LD_RUNPATH_SEARCH_PATHS = "@executable_path/Frameworks";
				MACOSX_DEPLOYMENT_TARGET = 26.0;
				MARKETING_VERSION = 1.0;
				PRODUCT_BUNDLE_IDENTIFIER = com.spiritdevs.pathway;
				PRODUCT_NAME = "$(TARGET_NAME)";
				REGISTER_APP_GROUPS = YES;
				SDKROOT = auto;
				SUPPORTED_PLATFORMS = "iphoneos iphonesimulator macosx xros xrsimulator";
				SUPPORTS_MACCATALYST = NO;
				SWIFT_EMIT_LOC_STRINGS = YES;
				SWIFT_VERSION = 6.0;
				TARGETED_DEVICE_FAMILY = "1,2,7";
				XROS_DEPLOYMENT_TARGET = 26.0;
			};
			name = Debug;
		};
		8387A7CD2CED31D200642B24 /* Release */ = {
			isa = XCBuildConfiguration;
			baseConfigurationReference = C1E200000000000000000004 /* Pathway.xcconfig */;
			buildSettings = {
				APNS_ENVIRONMENT = production;
				ASSETCATALOG_COMPILER_APPICON_NAME = AppIcon;
				ASSETCATALOG_COMPILER_GLOBAL_ACCENT_COLOR_NAME = AccentColor;
				CODE_SIGN_ENTITLEMENTS = Pathway/Pathway.entitlements;
				CODE_SIGN_STYLE = Automatic;
				CURRENT_PROJECT_VERSION = 3;
				DEVELOPMENT_ASSET_PATHS = "\"Pathway/Preview Content\"";
				DEVELOPMENT_TEAM = ARK85ZXQ4Z;
				ENABLE_APP_SANDBOX = YES;
				ENABLE_HARDENED_RUNTIME = YES;
				ENABLE_OUTGOING_NETWORK_CONNECTIONS = YES;
				ENABLE_PREVIEWS = YES;
				GENERATE_INFOPLIST_FILE = YES;
				INFOPLIST_FILE = Pathway/Info.plist;
				INFOPLIST_KEY_CFBundleDisplayName = Pathway;
				INFOPLIST_KEY_LSApplicationCategoryType = "public.app-category.productivity";
				"INFOPLIST_KEY_UIApplicationSceneManifest_Generation[sdk=iphoneos*]" = YES;
				"INFOPLIST_KEY_UIApplicationSceneManifest_Generation[sdk=iphonesimulator*]" = YES;
				"INFOPLIST_KEY_UIApplicationSupportsIndirectInputEvents[sdk=iphoneos*]" = YES;
				"INFOPLIST_KEY_UIApplicationSupportsIndirectInputEvents[sdk=iphonesimulator*]" = YES;
				"INFOPLIST_KEY_UILaunchScreen_Generation[sdk=iphoneos*]" = YES;
				"INFOPLIST_KEY_UILaunchScreen_Generation[sdk=iphonesimulator*]" = YES;
				"INFOPLIST_KEY_UIStatusBarStyle[sdk=iphoneos*]" = UIStatusBarStyleDefault;
				"INFOPLIST_KEY_UIStatusBarStyle[sdk=iphonesimulator*]" = UIStatusBarStyleDefault;
				INFOPLIST_KEY_UISupportedInterfaceOrientations_iPad = "UIInterfaceOrientationPortrait UIInterfaceOrientationPortraitUpsideDown UIInterfaceOrientationLandscapeLeft UIInterfaceOrientationLandscapeRight";
				INFOPLIST_KEY_UISupportedInterfaceOrientations_iPhone = "UIInterfaceOrientationPortrait UIInterfaceOrientationLandscapeLeft UIInterfaceOrientationLandscapeRight";
				IPHONEOS_DEPLOYMENT_TARGET = 26.0;
				LD_RUNPATH_SEARCH_PATHS = "@executable_path/Frameworks";
				MACOSX_DEPLOYMENT_TARGET = 26.0;
				MARKETING_VERSION = 1.0;
				PRODUCT_BUNDLE_IDENTIFIER = com.spiritdevs.pathway;
				PRODUCT_NAME = "$(TARGET_NAME)";
				REGISTER_APP_GROUPS = YES;
				SDKROOT = auto;
				SUPPORTED_PLATFORMS = "iphoneos iphonesimulator macosx xros xrsimulator";
				SUPPORTS_MACCATALYST = NO;
				SWIFT_EMIT_LOC_STRINGS = YES;
				SWIFT_VERSION = 6.0;
				TARGETED_DEVICE_FAMILY = "1,2,7";
				XROS_DEPLOYMENT_TARGET = 26.0;
			};
			name = Release;
		};
		8387A7CF2CED31D200642B24 /* Debug */ = {
			isa = XCBuildConfiguration;
			buildSettings = {
				BUNDLE_LOADER = "$(TEST_HOST)";
				CODE_SIGN_STYLE = Automatic;
				CURRENT_PROJECT_VERSION = 1;
				DEVELOPMENT_TEAM = ARK85ZXQ4Z;
				GENERATE_INFOPLIST_FILE = YES;
				IPHONEOS_DEPLOYMENT_TARGET = 26.0;
				MARKETING_VERSION = 1.0;
				PRODUCT_BUNDLE_IDENTIFIER = com.spiritdevs.pathway.tests;
				PRODUCT_NAME = "$(TARGET_NAME)";
				SDKROOT = auto;
				SUPPORTED_PLATFORMS = "iphoneos iphonesimulator";
				SWIFT_EMIT_LOC_STRINGS = NO;
				SWIFT_VERSION = 6.0;
				TARGETED_DEVICE_FAMILY = "1,2";
				TEST_HOST = "$(BUILT_PRODUCTS_DIR)/Pathway.app/$(BUNDLE_EXECUTABLE_FOLDER_PATH)/Pathway";
			};
			name = Debug;
		};
		8387A7D02CED31D200642B24 /* Release */ = {
			isa = XCBuildConfiguration;
			buildSettings = {
				BUNDLE_LOADER = "$(TEST_HOST)";
				CODE_SIGN_STYLE = Automatic;
				CURRENT_PROJECT_VERSION = 1;
				DEVELOPMENT_TEAM = ARK85ZXQ4Z;
				GENERATE_INFOPLIST_FILE = YES;
				IPHONEOS_DEPLOYMENT_TARGET = 26.0;
				MARKETING_VERSION = 1.0;
				PRODUCT_BUNDLE_IDENTIFIER = com.spiritdevs.pathway.tests;
				PRODUCT_NAME = "$(TARGET_NAME)";
				SDKROOT = auto;
				SUPPORTED_PLATFORMS = "iphoneos iphonesimulator";
				SWIFT_EMIT_LOC_STRINGS = NO;
				SWIFT_VERSION = 6.0;
				TARGETED_DEVICE_FAMILY = "1,2";
				TEST_HOST = "$(BUILT_PRODUCTS_DIR)/Pathway.app/$(BUNDLE_EXECUTABLE_FOLDER_PATH)/Pathway";
			};
			name = Release;
		};
		8387A7D22CED31D200642B24 /* Debug */ = {
			isa = XCBuildConfiguration;
			buildSettings = {
				CODE_SIGN_STYLE = Automatic;
				CURRENT_PROJECT_VERSION = 1;
				DEVELOPMENT_TEAM = ARK85ZXQ4Z;
				GENERATE_INFOPLIST_FILE = YES;
				IPHONEOS_DEPLOYMENT_TARGET = 26.0;
				MARKETING_VERSION = 1.0;
				PRODUCT_BUNDLE_IDENTIFIER = com.spiritdevs.pathway.ui-tests;
				PRODUCT_NAME = "$(TARGET_NAME)";
				SDKROOT = auto;
				SUPPORTED_PLATFORMS = "iphoneos iphonesimulator";
				SWIFT_EMIT_LOC_STRINGS = NO;
				SWIFT_VERSION = 6.0;
				TARGETED_DEVICE_FAMILY = "1,2";
				TEST_TARGET_NAME = Pathway;
			};
			name = Debug;
		};
		8387A7D32CED31D200642B24 /* Release */ = {
			isa = XCBuildConfiguration;
			buildSettings = {
				CODE_SIGN_STYLE = Automatic;
				CURRENT_PROJECT_VERSION = 1;
				DEVELOPMENT_TEAM = ARK85ZXQ4Z;
				GENERATE_INFOPLIST_FILE = YES;
				IPHONEOS_DEPLOYMENT_TARGET = 26.0;
				MARKETING_VERSION = 1.0;
				PRODUCT_BUNDLE_IDENTIFIER = com.spiritdevs.pathway.ui-tests;
				PRODUCT_NAME = "$(TARGET_NAME)";
				SDKROOT = auto;
				SUPPORTED_PLATFORMS = "iphoneos iphonesimulator";
				SWIFT_EMIT_LOC_STRINGS = NO;
				SWIFT_VERSION = 6.0;
				TARGETED_DEVICE_FAMILY = "1,2";
				TEST_TARGET_NAME = Pathway;
			};
			name = Release;
		};
/* End XCBuildConfiguration section */

/* Begin XCConfigurationList section */
		8387A79F2CED31D000642B24 /* Build configuration list for PBXProject "Pathway" */ = {
			isa = XCConfigurationList;
			buildConfigurations = (
				8387A7C92CED31D200642B24 /* Debug */,
				8387A7CA2CED31D200642B24 /* Release */,
			);
			defaultConfigurationIsVisible = 0;
			defaultConfigurationName = Release;
		};
		8387A7CB2CED31D200642B24 /* Build configuration list for PBXNativeTarget "Pathway" */ = {
			isa = XCConfigurationList;
			buildConfigurations = (
				8387A7CC2CED31D200642B24 /* Debug */,
				8387A7CD2CED31D200642B24 /* Release */,
			);
			defaultConfigurationIsVisible = 0;
			defaultConfigurationName = Release;
		};
		8387A7CE2CED31D200642B24 /* Build configuration list for PBXNativeTarget "PathwayTests" */ = {
			isa = XCConfigurationList;
			buildConfigurations = (
				8387A7CF2CED31D200642B24 /* Debug */,
				8387A7D02CED31D200642B24 /* Release */,
			);
			defaultConfigurationIsVisible = 0;
			defaultConfigurationName = Release;
		};
		8387A7D12CED31D200642B24 /* Build configuration list for PBXNativeTarget "PathwayUITests" */ = {
			isa = XCConfigurationList;
			buildConfigurations = (
				8387A7D22CED31D200642B24 /* Debug */,
				8387A7D32CED31D200642B24 /* Release */,
			);
			defaultConfigurationIsVisible = 0;
			defaultConfigurationName = Release;
		};
/* End XCConfigurationList section */

/* Begin XCRemoteSwiftPackageReference section */
		C1E200000000000000000002 /* XCRemoteSwiftPackageReference "clerk-ios" */ = {
			isa = XCRemoteSwiftPackageReference;
			repositoryURL = "https://github.com/clerk/clerk-ios";
			requirement = {
				kind = exactVersion;
				version = 1.3.7;
			};
		};
		83B9C8242CFA9450002CB0B7 /* XCRemoteSwiftPackageReference "KeychainAccess" */ = {
			isa = XCRemoteSwiftPackageReference;
			repositoryURL = "https://github.com/kishikawakatsumi/KeychainAccess";
			requirement = {
				kind = exactVersion;
				version = 4.2.2;
			};
		};
		C0DE00000000000200000002 /* XCRemoteSwiftPackageReference "convex-swift" */ = {
			isa = XCRemoteSwiftPackageReference;
			repositoryURL = "https://github.com/get-convex/convex-swift";
			requirement = {
				kind = upToNextMajorVersion;
				minimumVersion = 0.8.1;
			};
		};
/* End XCRemoteSwiftPackageReference section */

/* Begin XCSwiftPackageProductDependency section */
		C1E200000000000000000003 /* ClerkKit */ = {
			isa = XCSwiftPackageProductDependency;
			package = C1E200000000000000000002 /* XCRemoteSwiftPackageReference "clerk-ios" */;
			productName = ClerkKit;
		};
		83B9C8252CFA9450002CB0B7 /* KeychainAccess */ = {
			isa = XCSwiftPackageProductDependency;
			package = 83B9C8242CFA9450002CB0B7 /* XCRemoteSwiftPackageReference "KeychainAccess" */;
			productName = KeychainAccess;
		};
		C0DE00000000000300000003 /* ConvexMobile */ = {
			isa = XCSwiftPackageProductDependency;
			package = C0DE00000000000200000002 /* XCRemoteSwiftPackageReference "convex-swift" */;
			productName = ConvexMobile;
		};
/* End XCSwiftPackageProductDependency section */
	};
	rootObject = 8387A79C2CED31D000642B24 /* Project object */;
}
